
Microsoft Visual Studio Solution File, Format Version 12.00
# Visual Studio Version 17
VisualStudioVersion = 17.6.33712.159
MinimumVisualStudioVersion = 10.0.40219.1
Project("{FAE04EC0-301F-11D3-BF4B-00C04F79EFBC}") = "CFSH", "CFSH.csproj", "{B11EF6A6-AC2E-44D5-963A-BFADFC49348D}"
EndProject
Global
	GlobalSection(SolutionConfigurationPlatforms) = preSolution
		Debug|Any CPU = Debug|Any CPU
		Release|Any CPU = Release|Any CPU
	EndGlobalSection
	GlobalSection(ProjectConfigurationPlatforms) = postSolution
		{B11EF6A6-AC2E-44D5-963A-BFADFC49348D}.Debug|Any CPU.ActiveCfg = Debug|Any CPU
		{B11EF6A6-AC2E-44D5-963A-BFADFC49348D}.Debug|Any CPU.Build.0 = Debug|Any CPU
		{B11EF6A6-AC2E-44D5-963A-BFADFC49348D}.Release|Any CPU.ActiveCfg = Release|Any CPU
		{B11EF6A6-AC2E-44D5-963A-BFADFC49348D}.Release|Any CPU.Build.0 = Release|Any CPU
	EndGlobalSection
	GlobalSection(SolutionProperties) = preSolution
		HideSolutionNode = FALSE
	EndGlobalSection
	GlobalSection(ExtensibilityGlobals) = postSolution
		SolutionGuid = {B3BDFAE8-9697-4E80-8BDC-91F83FAD97B1}
	EndGlobalSection
EndGlobal
